// !$*UTF8*$!
{
	archiveVersion = 1;
	classes = {
	};
	objectVersion = 56;
	objects = {

/* Begin PBXBuildFile section */
		6B1A97B52BD79273009E43A0 /* Requestable.swift in Sources */ = {isa = PBXBuildFile; fileRef = 6B1A97B42BD79273009E43A0 /* Requestable.swift */; };
		6B1A97B72BD79297009E43A0 /* RequestType.swift in Sources */ = {isa = PBXBuildFile; fileRef = 6B1A97B62BD79297009E43A0 /* RequestType.swift */; };
		6B1A97B92BD79545009E43A0 /* NetworkError.swift in Sources */ = {isa = PBXBuildFile; fileRef = 6B1A97B82BD79545009E43A0 /* NetworkError.swift */; };
		6B1A97BB2BD7961F009E43A0 /* APIConstants.swift in Sources */ = {isa = PBXBuildFile; fileRef = 6B1A97BA2BD7961F009E43A0 /* APIConstants.swift */; };
		6B1A97BD2BD79E71009E43A0 /* RequestManager.swift in Sources */ = {isa = PBXBuildFile; fileRef = 6B1A97BC2BD79E71009E43A0 /* RequestManager.swift */; };
		6B1A97BF2BD79EB5009E43A0 /* DataParser.swift in Sources */ = {isa = PBXBuildFile; fileRef = 6B1A97BE2BD79EB5009E43A0 /* DataParser.swift */; };
		6B1A97C52BD7A17A009E43A0 /* APIRequest.swift in Sources */ = {isa = PBXBuildFile; fileRef = 6B1A97C42BD7A17A009E43A0 /* APIRequest.swift */; };
		6B539B102BD0DAB800DF8DDE /* MainViewController.swift in Sources */ = {isa = PBXBuildFile; fileRef = 6B539B0F2BD0DAB800DF8DDE /* MainViewController.swift */; };
		6B539B122BD5FE0F00DF8DDE /* LocationViewController.swift in Sources */ = {isa = PBXBuildFile; fileRef = 6B539B112BD5FE0F00DF8DDE /* LocationViewController.swift */; };
		6B539B142BD5FF0600DF8DDE /* LocationTableViewCell.swift in Sources */ = {isa = PBXBuildFile; fileRef = 6B539B132BD5FF0600DF8DDE /* LocationTableViewCell.swift */; };
		6B539B162BD6027A00DF8DDE /* LocationViewModel.swift in Sources */ = {isa = PBXBuildFile; fileRef = 6B539B152BD6027A00DF8DDE /* LocationViewModel.swift */; };
		6B539B182BD602C000DF8DDE /* Location.swift in Sources */ = {isa = PBXBuildFile; fileRef = 6B539B172BD602C000DF8DDE /* Location.swift */; };
		6B8FB0422BCE4EE50038E1AC /* AppDelegate.swift in Sources */ = {isa = PBXBuildFile; fileRef = 6B8FB0412BCE4EE50038E1AC /* AppDelegate.swift */; };
		6B8FB0442BCE4EE50038E1AC /* SceneDelegate.swift in Sources */ = {isa = PBXBuildFile; fileRef = 6B8FB0432BCE4EE50038E1AC /* SceneDelegate.swift */; };
		6B8FB0462BCE4EE50038E1AC /* CharacterViewController.swift in Sources */ = {isa = PBXBuildFile; fileRef = 6B8FB0452BCE4EE50038E1AC /* CharacterViewController.swift */; };
		6B8FB04B2BCE4EE60038E1AC /* Assets.xcassets in Resources */ = {isa = PBXBuildFile; fileRef = 6B8FB04A2BCE4EE60038E1AC /* Assets.xcassets */; };
		6B8FB04E2BCE4EE60038E1AC /* Base in Resources */ = {isa = PBXBuildFile; fileRef = 6B8FB04D2BCE4EE60038E1AC /* Base */; };
		6B9370102BD0BF1A00EA17F4 /* Response.swift in Sources */ = {isa = PBXBuildFile; fileRef = 6B93700F2BD0BF1A00EA17F4 /* Response.swift */; };
		6B9370132BD0CAA000EA17F4 /* APIManager.swift in Sources */ = {isa = PBXBuildFile; fileRef = 6B9370122BD0CAA000EA17F4 /* APIManager.swift */; };
		6BC8AF122BDA48A600FC8408 /* CharacterDetailViewController.swift in Sources */ = {isa = PBXBuildFile; fileRef = 6BC8AF112BDA48A600FC8408 /* CharacterDetailViewController.swift */; };
		6BC8AF142BDA497400FC8408 /* CharacterDetailViewModel.swift in Sources */ = {isa = PBXBuildFile; fileRef = 6BC8AF132BDA497400FC8408 /* CharacterDetailViewModel.swift */; };
		6BC8AF1B2BDB680900FC8408 /* InfoCollectionViewCell.swift in Sources */ = {isa = PBXBuildFile; fileRef = 6BC8AF1A2BDB680900FC8408 /* InfoCollectionViewCell.swift */; };
		6BC8AF1E2BDB898400FC8408 /* EpisodeViewController.swift in Sources */ = {isa = PBXBuildFile; fileRef = 6BC8AF1D2BDB898400FC8408 /* EpisodeViewController.swift */; };
		6BC8AF202BDB89B700FC8408 /* EpisodeViewModel.swift in Sources */ = {isa = PBXBuildFile; fileRef = 6BC8AF1F2BDB89B700FC8408 /* EpisodeViewModel.swift */; };
		6BC8AF222BDB89EE00FC8408 /* EpisodeTableViewCell.swift in Sources */ = {isa = PBXBuildFile; fileRef = 6BC8AF212BDB89EE00FC8408 /* EpisodeTableViewCell.swift */; };
		6BC8AF242BDB8A1300FC8408 /* Episode.swift in Sources */ = {isa = PBXBuildFile; fileRef = 6BC8AF232BDB8A1300FC8408 /* Episode.swift */; };
		6BC8AF2A2BDF841C00FC8408 /* Extensions.swift in Sources */ = {isa = PBXBuildFile; fileRef = 6BC8AF292BDF841C00FC8408 /* Extensions.swift */; };
		6BCE55392BCE653600FA29DB /* CharacterCollectionViewCell.swift in Sources */ = {isa = PBXBuildFile; fileRef = 6BCE55382BCE653600FA29DB /* CharacterCollectionViewCell.swift */; };
		6BCE553D2BCE6AA200FA29DB /* CharacterViewModel.swift in Sources */ = {isa = PBXBuildFile; fileRef = 6BCE553C2BCE6AA200FA29DB /* CharacterViewModel.swift */; };
		6BCE55402BCE6AD200FA29DB /* RMCharacter.swift in Sources */ = {isa = PBXBuildFile; fileRef = 6BCE553F2BCE6AD200FA29DB /* RMCharacter.swift */; };
		6BCE55472BCE765D00FA29DB /* SnapKit in Frameworks */ = {isa = PBXBuildFile; productRef = 6BCE55462BCE765D00FA29DB /* SnapKit */; };
		6BCE554B2BCFAAAF00FA29DB /* Kingfisher in Frameworks */ = {isa = PBXBuildFile; productRef = 6BCE554A2BCFAAAF00FA29DB /* Kingfisher */; };
		6BE038512BDF99C40019CE3F /* LocationDetailViewController.swift in Sources */ = {isa = PBXBuildFile; fileRef = 6BE038502BDF99C40019CE3F /* LocationDetailViewController.swift */; };
		6BE038552BDF9AD80019CE3F /* LocationDetailViewModel.swift in Sources */ = {isa = PBXBuildFile; fileRef = 6BE038542BDF9AD80019CE3F /* LocationDetailViewModel.swift */; };
/* End PBXBuildFile section */

/* Begin PBXFileReference section */
		6B1A97B42BD79273009E43A0 /* Requestable.swift */ = {isa = PBXFileReference; lastKnownFileType = sourcecode.swift; path = Requestable.swift; sourceTree = "<group>"; };
		6B1A97B62BD79297009E43A0 /* RequestType.swift */ = {isa = PBXFileReference; lastKnownFileType = sourcecode.swift; path = RequestType.swift; sourceTree = "<group>"; };
		6B1A97B82BD79545009E43A0 /* NetworkError.swift */ = {isa = PBXFileReference; lastKnownFileType = sourcecode.swift; path = NetworkError.swift; sourceTree = "<group>"; };
		6B1A97BA2BD7961F009E43A0 /* APIConstants.swift */ = {isa = PBXFileReference; lastKnownFileType = sourcecode.swift; path = APIConstants.swift; sourceTree = "<group>"; };
		6B1A97BC2BD79E71009E43A0 /* RequestManager.swift */ = {isa = PBXFileReference; lastKnownFileType = sourcecode.swift; path = RequestManager.swift; sourceTree = "<group>"; };
		6B1A97BE2BD79EB5009E43A0 /* DataParser.swift */ = {isa = PBXFileReference; lastKnownFileType = sourcecode.swift; path = DataParser.swift; sourceTree = "<group>"; };
		6B1A97C42BD7A17A009E43A0 /* APIRequest.swift */ = {isa = PBXFileReference; lastKnownFileType = sourcecode.swift; path = APIRequest.swift; sourceTree = "<group>"; };
		6B539B0F2BD0DAB800DF8DDE /* MainViewController.swift */ = {isa = PBXFileReference; lastKnownFileType = sourcecode.swift; path = MainViewController.swift; sourceTree = "<group>"; };
		6B539B112BD5FE0F00DF8DDE /* LocationViewController.swift */ = {isa = PBXFileReference; lastKnownFileType = sourcecode.swift; path = LocationViewController.swift; sourceTree = "<group>"; };
		6B539B132BD5FF0600DF8DDE /* LocationTableViewCell.swift */ = {isa = PBXFileReference; lastKnownFileType = sourcecode.swift; path = LocationTableViewCell.swift; sourceTree = "<group>"; };
		6B539B152BD6027A00DF8DDE /* LocationViewModel.swift */ = {isa = PBXFileReference; lastKnownFileType = sourcecode.swift; path = LocationViewModel.swift; sourceTree = "<group>"; };
		6B539B172BD602C000DF8DDE /* Location.swift */ = {isa = PBXFileReference; lastKnownFileType = sourcecode.swift; path = Location.swift; sourceTree = "<group>"; };
		6B8FB03E2BCE4EE50038E1AC /* RickAndMorty.app */ = {isa = PBXFileReference; explicitFileType = wrapper.application; includeInIndex = 0; path = RickAndMorty.app; sourceTree = BUILT_PRODUCTS_DIR; };
		6B8FB0412BCE4EE50038E1AC /* AppDelegate.swift */ = {isa = PBXFileReference; lastKnownFileType = sourcecode.swift; path = AppDelegate.swift; sourceTree = "<group>"; };
		6B8FB0432BCE4EE50038E1AC /* SceneDelegate.swift */ = {isa = PBXFileReference; lastKnownFileType = sourcecode.swift; path = SceneDelegate.swift; sourceTree = "<group>"; };
		6B8FB0452BCE4EE50038E1AC /* CharacterViewController.swift */ = {isa = PBXFileReference; lastKnownFileType = sourcecode.swift; path = CharacterViewController.swift; sourceTree = "<group>"; };
		6B8FB04A2BCE4EE60038E1AC /* Assets.xcassets */ = {isa = PBXFileReference; lastKnownFileType = folder.assetcatalog; path = Assets.xcassets; sourceTree = "<group>"; };
		6B8FB04D2BCE4EE60038E1AC /* Base */ = {isa = PBXFileReference; lastKnownFileType = file.storyboard; name = Base; path = Base.lproj/LaunchScreen.storyboard; sourceTree = "<group>"; };
		6B8FB04F2BCE4EE60038E1AC /* Info.plist */ = {isa = PBXFileReference; lastKnownFileType = text.plist.xml; path = Info.plist; sourceTree = "<group>"; };
		6B93700F2BD0BF1A00EA17F4 /* Response.swift */ = {isa = PBXFileReference; lastKnownFileType = sourcecode.swift; path = Response.swift; sourceTree = "<group>"; };
		6B9370122BD0CAA000EA17F4 /* APIManager.swift */ = {isa = PBXFileReference; lastKnownFileType = sourcecode.swift; path = APIManager.swift; sourceTree = "<group>"; };
		6BC8AF112BDA48A600FC8408 /* CharacterDetailViewController.swift */ = {isa = PBXFileReference; lastKnownFileType = sourcecode.swift; path = CharacterDetailViewController.swift; sourceTree = "<group>"; };
		6BC8AF132BDA497400FC8408 /* CharacterDetailViewModel.swift */ = {isa = PBXFileReference; lastKnownFileType = sourcecode.swift; path = CharacterDetailViewModel.swift; sourceTree = "<group>"; };
		6BC8AF1A2BDB680900FC8408 /* InfoCollectionViewCell.swift */ = {isa = PBXFileReference; lastKnownFileType = sourcecode.swift; path = InfoCollectionViewCell.swift; sourceTree = "<group>"; };
		6BC8AF1D2BDB898400FC8408 /* EpisodeViewController.swift */ = {isa = PBXFileReference; lastKnownFileType = sourcecode.swift; path = EpisodeViewController.swift; sourceTree = "<group>"; };
		6BC8AF1F2BDB89B700FC8408 /* EpisodeViewModel.swift */ = {isa = PBXFileReference; lastKnownFileType = sourcecode.swift; path = EpisodeViewModel.swift; sourceTree = "<group>"; };
		6BC8AF212BDB89EE00FC8408 /* EpisodeTableViewCell.swift */ = {isa = PBXFileReference; lastKnownFileType = sourcecode.swift; path = EpisodeTableViewCell.swift; sourceTree = "<group>"; };
		6BC8AF232BDB8A1300FC8408 /* Episode.swift */ = {isa = PBXFileReference; lastKnownFileType = sourcecode.swift; path = Episode.swift; sourceTree = "<group>"; };
		6BC8AF292BDF841C00FC8408 /* Extensions.swift */ = {isa = PBXFileReference; lastKnownFileType = sourcecode.swift; path = Extensions.swift; sourceTree = "<group>"; };
		6BCE55382BCE653600FA29DB /* CharacterCollectionViewCell.swift */ = {isa = PBXFileReference; lastKnownFileType = sourcecode.swift; path = CharacterCollectionViewCell.swift; sourceTree = "<group>"; };
		6BCE553C2BCE6AA200FA29DB /* CharacterViewModel.swift */ = {isa = PBXFileReference; lastKnownFileType = sourcecode.swift; path = CharacterViewModel.swift; sourceTree = "<group>"; };
		6BCE553F2BCE6AD200FA29DB /* RMCharacter.swift */ = {isa = PBXFileReference; lastKnownFileType = sourcecode.swift; path = RMCharacter.swift; sourceTree = "<group>"; };
		6BE038502BDF99C40019CE3F /* LocationDetailViewController.swift */ = {isa = PBXFileReference; lastKnownFileType = sourcecode.swift; path = LocationDetailViewController.swift; sourceTree = "<group>"; };
		6BE038542BDF9AD80019CE3F /* LocationDetailViewModel.swift */ = {isa = PBXFileReference; lastKnownFileType = sourcecode.swift; path = LocationDetailViewModel.swift; sourceTree = "<group>"; };
/* End PBXFileReference section */

/* Begin PBXFrameworksBuildPhase section */
		6B8FB03B2BCE4EE50038E1AC /* Frameworks */ = {
			isa = PBXFrameworksBuildPhase;
			buildActionMask = 2147483647;
			files = (
				6BCE554B2BCFAAAF00FA29DB /* Kingfisher in Frameworks */,
				6BCE55472BCE765D00FA29DB /* SnapKit in Frameworks */,
			);
			runOnlyForDeploymentPostprocessing = 0;
		};
/* End PBXFrameworksBuildPhase section */

/* Begin PBXGroup section */
		6B1A97C02BD7A03B009E43A0 /* Parser */ = {
			isa = PBXGroup;
			children = (
				6B1A97BE2BD79EB5009E43A0 /* DataParser.swift */,
			);
			path = Parser;
			sourceTree = "<group>";
		};
		6B1A97C12BD7A043009E43A0 /* Network */ = {
			isa = PBXGroup;
			children = (
				6B1A97BC2BD79E71009E43A0 /* RequestManager.swift */,
				6B9370122BD0CAA000EA17F4 /* APIManager.swift */,
				6B1A97B82BD79545009E43A0 /* NetworkError.swift */,
			);
			path = Network;
			sourceTree = "<group>";
		};
		6B1A97C22BD7A079009E43A0 /* Request */ = {
			isa = PBXGroup;
			children = (
				6B1A97B42BD79273009E43A0 /* Requestable.swift */,
				6B1A97B62BD79297009E43A0 /* RequestType.swift */,
				6B1A97C42BD7A17A009E43A0 /* APIRequest.swift */,
			);
			path = Request;
			sourceTree = "<group>";
		};
		6B8FB0352BCE4EE50038E1AC = {
			isa = PBXGroup;
			children = (
				6B8FB0402BCE4EE50038E1AC /* RickAndMorty */,
				6B8FB03F2BCE4EE50038E1AC /* Products */,
			);
			sourceTree = "<group>";
		};
		6B8FB03F2BCE4EE50038E1AC /* Products */ = {
			isa = PBXGroup;
			children = (
				6B8FB03E2BCE4EE50038E1AC /* RickAndMorty.app */,
			);
			name = Products;
			sourceTree = "<group>";
		};
		6B8FB0402BCE4EE50038E1AC /* RickAndMorty */ = {
			isa = PBXGroup;
			children = (
				6BB9C16C2BDA45C200267F78 /* Core */,
				6BB9C16D2BDA45D000267F78 /* Character */,
				6BB9C16E2BDA460A00267F78 /* Location */,
				6BC8AF1C2BDB897400FC8408 /* Episode */,
				6BCE55482BCE78A400FA29DB /* Files */,
				6B539B0F2BD0DAB800DF8DDE /* MainViewController.swift */,
			);
			path = RickAndMorty;
			sourceTree = "<group>";
		};
		6B9370112BD0CA9800EA17F4 /* API */ = {
			isa = PBXGroup;
			children = (
				6B1A97C02BD7A03B009E43A0 /* Parser */,
				6B1A97C12BD7A043009E43A0 /* Network */,
				6B1A97C22BD7A079009E43A0 /* Request */,
				6B1A97BA2BD7961F009E43A0 /* APIConstants.swift */,
			);
			path = API;
			sourceTree = "<group>";
		};
		6BB9C16C2BDA45C200267F78 /* Core */ = {
			isa = PBXGroup;
			children = (
				6B9370112BD0CA9800EA17F4 /* API */,
				6BCE553E2BCE6AC600FA29DB /* Models */,
				6BC8AF2B2BDF969800FC8408 /* VIews */,
			);
			path = Core;
			sourceTree = "<group>";
		};
		6BB9C16D2BDA45D000267F78 /* Character */ = {
			isa = PBXGroup;
			children = (
				6BC8AF172BDB328D00FC8408 /* Views */,
				6BC8AF192BDB32B000FC8408 /* ViewModels */,
			);
			path = Character;
			sourceTree = "<group>";
		};
		6BB9C16E2BDA460A00267F78 /* Location */ = {
			isa = PBXGroup;
			children = (
				6BE038522BDF99D00019CE3F /* Views */,
				6BE038532BDF99DD0019CE3F /* ViewModels */,
			);
			path = Location;
			sourceTree = "<group>";
		};
		6BC8AF172BDB328D00FC8408 /* Views */ = {
			isa = PBXGroup;
			children = (
				6BC8AF182BDB329A00FC8408 /* Cell */,
				6B8FB0452BCE4EE50038E1AC /* CharacterViewController.swift */,
				6BC8AF112BDA48A600FC8408 /* CharacterDetailViewController.swift */,
			);
			path = Views;
			sourceTree = "<group>";
		};
		6BC8AF182BDB329A00FC8408 /* Cell */ = {
			isa = PBXGroup;
			children = (
				6BCE55382BCE653600FA29DB /* CharacterCollectionViewCell.swift */,
			);
			path = Cell;
			sourceTree = "<group>";
		};
		6BC8AF192BDB32B000FC8408 /* ViewModels */ = {
			isa = PBXGroup;
			children = (
				6BCE553C2BCE6AA200FA29DB /* CharacterViewModel.swift */,
				6BC8AF132BDA497400FC8408 /* CharacterDetailViewModel.swift */,
			);
			path = ViewModels;
			sourceTree = "<group>";
		};
		6BC8AF1C2BDB897400FC8408 /* Episode */ = {
			isa = PBXGroup;
			children = (
				6BC8AF1D2BDB898400FC8408 /* EpisodeViewController.swift */,
				6BC8AF212BDB89EE00FC8408 /* EpisodeTableViewCell.swift */,
				6BC8AF1F2BDB89B700FC8408 /* EpisodeViewModel.swift */,
			);
			path = Episode;
			sourceTree = "<group>";
		};
		6BC8AF2B2BDF969800FC8408 /* VIews */ = {
			isa = PBXGroup;
			children = (
				6BC8AF1A2BDB680900FC8408 /* InfoCollectionViewCell.swift */,
			);
			path = VIews;
			sourceTree = "<group>";
		};
		6BCE553E2BCE6AC600FA29DB /* Models */ = {
			isa = PBXGroup;
			children = (
				6B93700F2BD0BF1A00EA17F4 /* Response.swift */,
				6BCE553F2BCE6AD200FA29DB /* RMCharacter.swift */,
				6B539B172BD602C000DF8DDE /* Location.swift */,
				6BC8AF232BDB8A1300FC8408 /* Episode.swift */,
			);
			path = Models;
			sourceTree = "<group>";
		};
		6BCE55482BCE78A400FA29DB /* Files */ = {
			isa = PBXGroup;
			children = (
				6B8FB0432BCE4EE50038E1AC /* SceneDelegate.swift */,
				6B8FB0412BCE4EE50038E1AC /* AppDelegate.swift */,
				6B8FB04A2BCE4EE60038E1AC /* Assets.xcassets */,
				6B8FB04C2BCE4EE60038E1AC /* LaunchScreen.storyboard */,
				6B8FB04F2BCE4EE60038E1AC /* Info.plist */,
				6BC8AF292BDF841C00FC8408 /* Extensions.swift */,
			);
			name = Files;
			sourceTree = "<group>";
		};
		6BE0384F2BDF99660019CE3F /* Cell */ = {
			isa = PBXGroup;
			children = (
				6B539B132BD5FF0600DF8DDE /* LocationTableViewCell.swift */,
			);
			path = Cell;
			sourceTree = "<group>";
		};
		6BE038522BDF99D00019CE3F /* Views */ = {
			isa = PBXGroup;
			children = (
				6BE0384F2BDF99660019CE3F /* Cell */,
				6B539B112BD5FE0F00DF8DDE /* LocationViewController.swift */,
				6BE038502BDF99C40019CE3F /* LocationDetailViewController.swift */,
			);
			path = Views;
			sourceTree = "<group>";
		};
		6BE038532BDF99DD0019CE3F /* ViewModels */ = {
			isa = PBXGroup;
			children = (
				6B539B152BD6027A00DF8DDE /* LocationViewModel.swift */,
				6BE038542BDF9AD80019CE3F /* LocationDetailViewModel.swift */,
			);
			path = ViewModels;
			sourceTree = "<group>";
		};
/* End PBXGroup section */

/* Begin PBXNativeTarget section */
		6B8FB03D2BCE4EE50038E1AC /* RickAndMorty */ = {
			isa = PBXNativeTarget;
			buildConfigurationList = 6B8FB0522BCE4EE60038E1AC /* Build configuration list for PBXNativeTarget "RickAndMorty" */;
			buildPhases = (
				6B8FB03A2BCE4EE50038E1AC /* Sources */,
				6B8FB03B2BCE4EE50038E1AC /* Frameworks */,
				6B8FB03C2BCE4EE50038E1AC /* Resources */,
			);
			buildRules = (
			);
			dependencies = (
			);
			name = RickAndMorty;
			packageProductDependencies = (
				6BCE55462BCE765D00FA29DB /* SnapKit */,
				6BCE554A2BCFAAAF00FA29DB /* Kingfisher */,
			);
			productName = RickAndMorty;
			productReference = 6B8FB03E2BCE4EE50038E1AC /* RickAndMorty.app */;
			productType = "com.apple.product-type.application";
		};
/* End PBXNativeTarget section */

/* Begin PBXProject section */
		6B8FB0362BCE4EE50038E1AC /* Project object */ = {
			isa = PBXProject;
			attributes = {
				BuildIndependentTargetsInParallel = 1;
				LastSwiftUpdateCheck = 1530;
				LastUpgradeCheck = 1530;
				TargetAttributes = {
					6B8FB03D2BCE4EE50038E1AC = {
						CreatedOnToolsVersion = 15.3;
					};
				};
			};
			buildConfigurationList = 6B8FB0392BCE4EE50038E1AC /* Build configuration list for PBXProject "RickAndMorty" */;
			compatibilityVersion = "Xcode 14.0";
			developmentRegion = en;
			hasScannedForEncodings = 0;
			knownRegions = (
				en,
				Base,
			);
			mainGroup = 6B8FB0352BCE4EE50038E1AC;
			packageReferences = (
				6BCE55452BCE765D00FA29DB /* XCRemoteSwiftPackageReference "SnapKit" */,
				6BCE55492BCFAAAF00FA29DB /* XCRemoteSwiftPackageReference "Kingfisher" */,
			);
			productRefGroup = 6B8FB03F2BCE4EE50038E1AC /* Products */;
			projectDirPath = "";
			projectRoot = "";
			targets = (
				6B8FB03D2BCE4EE50038E1AC /* RickAndMorty */,
			);
		};
/* End PBXProject section */

/* Begin PBXResourcesBuildPhase section */
		6B8FB03C2BCE4EE50038E1AC /* Resources */ = {
			isa = PBXResourcesBuildPhase;
			buildActionMask = 2147483647;
			files = (
				6B8FB04B2BCE4EE60038E1AC /* Assets.xcassets in Resources */,
				6B8FB04E2BCE4EE60038E1AC /* Base in Resources */,
			);
			runOnlyForDeploymentPostprocessing = 0;
		};
/* End PBXResourcesBuildPhase section */

/* Begin PBXSourcesBuildPhase section */
		6B8FB03A2BCE4EE50038E1AC /* Sources */ = {
			isa = PBXSourcesBuildPhase;
			buildActionMask = 2147483647;
			files = (
				6BC8AF222BDB89EE00FC8408 /* EpisodeTableViewCell.swift in Sources */,
				6BCE55402BCE6AD200FA29DB /* RMCharacter.swift in Sources */,
				6B1A97B92BD79545009E43A0 /* NetworkError.swift in Sources */,
				6B1A97BB2BD7961F009E43A0 /* APIConstants.swift in Sources */,
				6BE038552BDF9AD80019CE3F /* LocationDetailViewModel.swift in Sources */,
				6B8FB0462BCE4EE50038E1AC /* CharacterViewController.swift in Sources */,
				6BC8AF1E2BDB898400FC8408 /* EpisodeViewController.swift in Sources */,
				6B1A97BF2BD79EB5009E43A0 /* DataParser.swift in Sources */,
				6B9370132BD0CAA000EA17F4 /* APIManager.swift in Sources */,
				6BC8AF242BDB8A1300FC8408 /* Episode.swift in Sources */,
				6BCE55392BCE653600FA29DB /* CharacterCollectionViewCell.swift in Sources */,
				6BC8AF142BDA497400FC8408 /* CharacterDetailViewModel.swift in Sources */,
				6B8FB0422BCE4EE50038E1AC /* AppDelegate.swift in Sources */,
				6B539B122BD5FE0F00DF8DDE /* LocationViewController.swift in Sources */,
				6B539B182BD602C000DF8DDE /* Location.swift in Sources */,
				6BC8AF122BDA48A600FC8408 /* CharacterDetailViewController.swift in Sources */,
				6B539B142BD5FF0600DF8DDE /* LocationTableViewCell.swift in Sources */,
				6B1A97C52BD7A17A009E43A0 /* APIRequest.swift in Sources */,
				6B539B162BD6027A00DF8DDE /* LocationViewModel.swift in Sources */,
				6B8FB0442BCE4EE50038E1AC /* SceneDelegate.swift in Sources */,
				6BC8AF1B2BDB680900FC8408 /* InfoCollectionViewCell.swift in Sources */,
				6B539B102BD0DAB800DF8DDE /* MainViewController.swift in Sources */,
				6BC8AF202BDB89B700FC8408 /* EpisodeViewModel.swift in Sources */,
				6BCE553D2BCE6AA200FA29DB /* CharacterViewModel.swift in Sources */,
				6BE038512BDF99C40019CE3F /* LocationDetailViewController.swift in Sources */,
				6BC8AF2A2BDF841C00FC8408 /* Extensions.swift in Sources */,
				6B9370102BD0BF1A00EA17F4 /* Response.swift in Sources */,
				6B1A97BD2BD79E71009E43A0 /* RequestManager.swift in Sources */,
				6B1A97B52BD79273009E43A0 /* Requestable.swift in Sources */,
				6B1A97B72BD79297009E43A0 /* RequestType.swift in Sources */,
			);
			runOnlyForDeploymentPostprocessing = 0;
		};
/* End PBXSourcesBuildPhase section */

/* Begin PBXVariantGroup section */
		6B8FB04C2BCE4EE60038E1AC /* LaunchScreen.storyboard */ = {
			isa = PBXVariantGroup;
			children = (
				6B8FB04D2BCE4EE60038E1AC /* Base */,
			);
			name = LaunchScreen.storyboard;
			sourceTree = "<group>";
		};
/* End PBXVariantGroup section */

/* Begin XCBuildConfiguration section */
		6B8FB0502BCE4EE60038E1AC /* Debug */ = {
			isa = XCBuildConfiguration;
			buildSettings = {
				ALWAYS_SEARCH_USER_PATHS = NO;
				ASSETCATALOG_COMPILER_GENERATE_SWIFT_ASSET_SYMBOL_EXTENSIONS = YES;
				CLANG_ANALYZER_NONNULL = YES;
				CLANG_ANALYZER_NUMBER_OBJECT_CONVERSION = YES_AGGRESSIVE;
				CLANG_CXX_LANGUAGE_STANDARD = "gnu++20";
				CLANG_ENABLE_MODULES = YES;
				CLANG_ENABLE_OBJC_ARC = YES;
				CLANG_ENABLE_OBJC_WEAK = YES;
				CLANG_WARN_BLOCK_CAPTURE_AUTORELEASING = YES;
				CLANG_WARN_BOOL_CONVERSION = YES;
				CLANG_WARN_COMMA = YES;
				CLANG_WARN_CONSTANT_CONVERSION = YES;
				CLANG_WARN_DEPRECATED_OBJC_IMPLEMENTATIONS = YES;
				CLANG_WARN_DIRECT_OBJC_ISA_USAGE = YES_ERROR;
				CLANG_WARN_DOCUMENTATION_COMMENTS = YES;
				CLANG_WARN_EMPTY_BODY = YES;
				CLANG_WARN_ENUM_CONVERSION = YES;
				CLANG_WARN_INFINITE_RECURSION = YES;
				CLANG_WARN_INT_CONVERSION = YES;
				CLANG_WARN_NON_LITERAL_NULL_CONVERSION = YES;
				CLANG_WARN_OBJC_IMPLICIT_RETAIN_SELF = YES;
				CLANG_WARN_OBJC_LITERAL_CONVERSION = YES;
				CLANG_WARN_OBJC_ROOT_CLASS = YES_ERROR;
				CLANG_WARN_QUOTED_INCLUDE_IN_FRAMEWORK_HEADER = YES;
				CLANG_WARN_RANGE_LOOP_ANALYSIS = YES;
				CLANG_WARN_STRICT_PROTOTYPES = YES;
				CLANG_WARN_SUSPICIOUS_MOVE = YES;
				CLANG_WARN_UNGUARDED_AVAILABILITY = YES_AGGRESSIVE;
				CLANG_WARN_UNREACHABLE_CODE = YES;
				CLANG_WARN__DUPLICATE_METHOD_MATCH = YES;
				COPY_PHASE_STRIP = NO;
				DEBUG_INFORMATION_FORMAT = dwarf;
				ENABLE_STRICT_OBJC_MSGSEND = YES;
				ENABLE_TESTABILITY = YES;
				ENABLE_USER_SCRIPT_SANDBOXING = YES;
				GCC_C_LANGUAGE_STANDARD = gnu17;
				GCC_DYNAMIC_NO_PIC = NO;
				GCC_NO_COMMON_BLOCKS = YES;
				GCC_OPTIMIZATION_LEVEL = 0;
				GCC_PREPROCESSOR_DEFINITIONS = (
					"DEBUG=1",
					"$(inherited)",
				);
				GCC_WARN_64_TO_32_BIT_CONVERSION = YES;
				GCC_WARN_ABOUT_RETURN_TYPE = YES_ERROR;
				GCC_WARN_UNDECLARED_SELECTOR = YES;
				GCC_WARN_UNINITIALIZED_AUTOS = YES_AGGRESSIVE;
				GCC_WARN_UNUSED_FUNCTION = YES;
				GCC_WARN_UNUSED_VARIABLE = YES;
				IPHONEOS_DEPLOYMENT_TARGET = 17.4;
				LOCALIZATION_PREFERS_STRING_CATALOGS = YES;
				MTL_ENABLE_DEBUG_INFO = INCLUDE_SOURCE;
				MTL_FAST_MATH = YES;
				ONLY_ACTIVE_ARCH = YES;
				SDKROOT = iphoneos;
				SWIFT_ACTIVE_COMPILATION_CONDITIONS = "DEBUG $(inherited)";
				SWIFT_OPTIMIZATION_LEVEL = "-Onone";
			};
			name = Debug;
		};
		6B8FB0512BCE4EE60038E1AC /* Release */ = {
			isa = XCBuildConfiguration;
			buildSettings = {
				ALWAYS_SEARCH_USER_PATHS = NO;
				ASSETCATALOG_COMPILER_GENERATE_SWIFT_ASSET_SYMBOL_EXTENSIONS = YES;
				CLANG_ANALYZER_NONNULL = YES;
				CLANG_ANALYZER_NUMBER_OBJECT_CONVERSION = YES_AGGRESSIVE;
				CLANG_CXX_LANGUAGE_STANDARD = "gnu++20";
				CLANG_ENABLE_MODULES = YES;
				CLANG_ENABLE_OBJC_ARC = YES;
				CLANG_ENABLE_OBJC_WEAK = YES;
				CLANG_WARN_BLOCK_CAPTURE_AUTORELEASING = YES;
				CLANG_WARN_BOOL_CONVERSION = YES;
				CLANG_WARN_COMMA = YES;
				CLANG_WARN_CONSTANT_CONVERSION = YES;
				CLANG_WARN_DEPRECATED_OBJC_IMPLEMENTATIONS = YES;
				CLANG_WARN_DIRECT_OBJC_ISA_USAGE = YES_ERROR;
				CLANG_WARN_DOCUMENTATION_COMMENTS = YES;
				CLANG_WARN_EMPTY_BODY = YES;
				CLANG_WARN_ENUM_CONVERSION = YES;
				CLANG_WARN_INFINITE_RECURSION = YES;
				CLANG_WARN_INT_CONVERSION = YES;
				CLANG_WARN_NON_LITERAL_NULL_CONVERSION = YES;
				CLANG_WARN_OBJC_IMPLICIT_RETAIN_SELF = YES;
				CLANG_WARN_OBJC_LITERAL_CONVERSION = YES;
				CLANG_WARN_OBJC_ROOT_CLASS = YES_ERROR;
				CLANG_WARN_QUOTED_INCLUDE_IN_FRAMEWORK_HEADER = YES;
				CLANG_WARN_RANGE_LOOP_ANALYSIS = YES;
				CLANG_WARN_STRICT_PROTOTYPES = YES;
				CLANG_WARN_SUSPICIOUS_MOVE = YES;
				CLANG_WARN_UNGUARDED_AVAILABILITY = YES_AGGRESSIVE;
				CLANG_WARN_UNREACHABLE_CODE = YES;
				CLANG_WARN__DUPLICATE_METHOD_MATCH = YES;
				COPY_PHASE_STRIP = NO;
				DEBUG_INFORMATION_FORMAT = "dwarf-with-dsym";
				ENABLE_NS_ASSERTIONS = NO;
				ENABLE_STRICT_OBJC_MSGSEND = YES;
				ENABLE_USER_SCRIPT_SANDBOXING = YES;
				GCC_C_LANGUAGE_STANDARD = gnu17;
				GCC_NO_COMMON_BLOCKS = YES;
				GCC_WARN_64_TO_32_BIT_CONVERSION = YES;
				GCC_WARN_ABOUT_RETURN_TYPE = YES_ERROR;
				GCC_WARN_UNDECLARED_SELECTOR = YES;
				GCC_WARN_UNINITIALIZED_AUTOS = YES_AGGRESSIVE;
				GCC_WARN_UNUSED_FUNCTION = YES;
				GCC_WARN_UNUSED_VARIABLE = YES;
				IPHONEOS_DEPLOYMENT_TARGET = 17.4;
				LOCALIZATION_PREFERS_STRING_CATALOGS = YES;
				MTL_ENABLE_DEBUG_INFO = NO;
				MTL_FAST_MATH = YES;
				SDKROOT = iphoneos;
				SWIFT_COMPILATION_MODE = wholemodule;
				VALIDATE_PRODUCT = YES;
			};
			name = Release;
		};
		6B8FB0532BCE4EE60038E1AC /* Debug */ = {
			isa = XCBuildConfiguration;
			buildSettings = {
				ASSETCATALOG_COMPILER_APPICON_NAME = AppIcon;
				ASSETCATALOG_COMPILER_GLOBAL_ACCENT_COLOR_NAME = AccentColor;
				CODE_SIGN_STYLE = Automatic;
				CURRENT_PROJECT_VERSION = 1;
				DEVELOPMENT_TEAM = MY6C9CN9TM;
				GENERATE_INFOPLIST_FILE = YES;
				INFOPLIST_FILE = RickAndMorty/Info.plist;
				INFOPLIST_KEY_UIApplicationSupportsIndirectInputEvents = YES;
				INFOPLIST_KEY_UILaunchStoryboardName = LaunchScreen;
				INFOPLIST_KEY_UISupportedInterfaceOrientations_iPad = "UIInterfaceOrientationPortrait UIInterfaceOrientationPortraitUpsideDown UIInterfaceOrientationLandscapeLeft UIInterfaceOrientationLandscapeRight";
				INFOPLIST_KEY_UISupportedInterfaceOrientations_iPhone = "UIInterfaceOrientationPortrait UIInterfaceOrientationLandscapeLeft UIInterfaceOrientationLandscapeRight";
				IPHONEOS_DEPLOYMENT_TARGET = 16.0;
				LD_RUNPATH_SEARCH_PATHS = (
					"$(inherited)",
					"@executable_path/Frameworks",
				);
				MARKETING_VERSION = 1.0;
				PRODUCT_BUNDLE_IDENTIFIER = com.jhyun.RickAndMorty;
				PRODUCT_NAME = "$(TARGET_NAME)";
				SWIFT_EMIT_LOC_STRINGS = YES;
				SWIFT_VERSION = 5.0;
				TARGETED_DEVICE_FAMILY = "1,2";
			};
			name = Debug;
		};
		6B8FB0542BCE4EE60038E1AC /* Release */ = {
			isa = XCBuildConfiguration;
			buildSettings = {
				ASSETCATALOG_COMPILER_APPICON_NAME = AppIcon;
				ASSETCATALOG_COMPILER_GLOBAL_ACCENT_COLOR_NAME = AccentColor;
				CODE_SIGN_STYLE = Automatic;
				CURRENT_PROJECT_VERSION = 1;
				DEVELOPMENT_TEAM = MY6C9CN9TM;
				GENERATE_INFOPLIST_FILE = YES;
				INFOPLIST_FILE = RickAndMorty/Info.plist;
				INFOPLIST_KEY_UIApplicationSupportsIndirectInputEvents = YES;
				INFOPLIST_KEY_UILaunchStoryboardName = LaunchScreen;
				INFOPLIST_KEY_UISupportedInterfaceOrientations_iPad = "UIInterfaceOrientationPortrait UIInterfaceOrientationPortraitUpsideDown UIInterfaceOrientationLandscapeLeft UIInterfaceOrientationLandscapeRight";
				INFOPLIST_KEY_UISupportedInterfaceOrientations_iPhone = "UIInterfaceOrientationPortrait UIInterfaceOrientationLandscapeLeft UIInterfaceOrientationLandscapeRight";
				IPHONEOS_DEPLOYMENT_TARGET = 16.0;
				LD_RUNPATH_SEARCH_PATHS = (
					"$(inherited)",
					"@executable_path/Frameworks",
				);
				MARKETING_VERSION = 1.0;
				PRODUCT_BUNDLE_IDENTIFIER = com.jhyun.RickAndMorty;
				PRODUCT_NAME = "$(TARGET_NAME)";
				SWIFT_EMIT_LOC_STRINGS = YES;
				SWIFT_VERSION = 5.0;
				TARGETED_DEVICE_FAMILY = "1,2";
			};
			name = Release;
		};
/* End XCBuildConfiguration section */

/* Begin XCConfigurationList section */
		6B8FB0392BCE4EE50038E1AC /* Build configuration list for PBXProject "RickAndMorty" */ = {
			isa = XCConfigurationList;
			buildConfigurations = (
				6B8FB0502BCE4EE60038E1AC /* Debug */,
				6B8FB0512BCE4EE60038E1AC /* Release */,
			);
			defaultConfigurationIsVisible = 0;
			defaultConfigurationName = Release;
		};
		6B8FB0522BCE4EE60038E1AC /* Build configuration list for PBXNativeTarget "RickAndMorty" */ = {
			isa = XCConfigurationList;
			buildConfigurations = (
				6B8FB0532BCE4EE60038E1AC /* Debug */,
				6B8FB0542BCE4EE60038E1AC /* Release */,
			);
			defaultConfigurationIsVisible = 0;
			defaultConfigurationName = Release;
		};
/* End XCConfigurationList section */

/* Begin XCRemoteSwiftPackageReference section */
		6BCE55452BCE765D00FA29DB /* XCRemoteSwiftPackageReference "SnapKit" */ = {
			isa = XCRemoteSwiftPackageReference;
			repositoryURL = "https://github.com/SnapKit/SnapKit.git";
			requirement = {
				kind = upToNextMajorVersion;
				minimumVersion = 5.7.1;
			};
		};
		6BCE55492BCFAAAF00FA29DB /* XCRemoteSwiftPackageReference "Kingfisher" */ = {
			isa = XCRemoteSwiftPackageReference;
			repositoryURL = "https://github.com/onevcat/Kingfisher.git";
			requirement = {
				kind = upToNextMajorVersion;
				minimumVersion = 7.11.0;
			};
		};
/* End XCRemoteSwiftPackageReference section */

/* Begin XCSwiftPackageProductDependency section */
		6BCE55462BCE765D00FA29DB /* SnapKit */ = {
			isa = XCSwiftPackageProductDependency;
			package = 6BCE55452BCE765D00FA29DB /* XCRemoteSwiftPackageReference "SnapKit" */;
			productName = SnapKit;
		};
		6BCE554A2BCFAAAF00FA29DB /* Kingfisher */ = {
			isa = XCSwiftPackageProductDependency;
			package = 6BCE55492BCFAAAF00FA29DB /* XCRemoteSwiftPackageReference "Kingfisher" */;
			productName = Kingfisher;
		};
/* End XCSwiftPackageProductDependency section */
	};
	rootObject = 6B8FB0362BCE4EE50038E1AC /* Project object */;
}
